
Microsoft Visual Studio Solution File, Format Version 12.00
# Visual Studio Version 16
VisualStudioVersion = 16.0.29905.134
MinimumVisualStudioVersion = 10.0.40219.1
Project("{FAE04EC0-301F-11D3-BF4B-00C04F79EFBC}") = "WinForm_FontAwesomeIcons", "WinForm_FontAwesomeIcons.csproj", "{EA76FB8D-8561-4540-A654-FA7E6F3984F6}"
EndProject
Global
	GlobalSection(SolutionConfigurationPlatforms) = preSolution
		Debug|Any CPU = Debug|Any CPU
		Release|Any CPU = Release|Any CPU
	EndGlobalSection
	GlobalSection(ProjectConfigurationPlatforms) = postSolution
		{EA76FB8D-8561-4540-A654-FA7E6F3984F6}.Debug|Any CPU.ActiveCfg = Debug|Any CPU
		{EA76FB8D-8561-4540-A654-FA7E6F3984F6}.Debug|Any CPU.Build.0 = Debug|Any CPU
		{EA76FB8D-8561-4540-A654-FA7E6F3984F6}.Release|Any CPU.ActiveCfg = Release|Any CPU
		{EA76FB8D-8561-4540-A654-FA7E6F3984F6}.Release|Any CPU.Build.0 = Release|Any CPU
	EndGlobalSection
	GlobalSection(SolutionProperties) = preSolution
		HideSolutionNode = FALSE
	EndGlobalSection
	GlobalSection(ExtensibilityGlobals) = postSolution
		SolutionGuid = {AD2F0910-759A-4D26-A7FC-7051933446D5}
	EndGlobalSection
EndGlobal
